hash: 11aec733e9fc596853d09403289e032528c69b3b10b28b4764740ed504afe32b
updated: 2017-03-16T00:17:01.980226414Z
imports:
- name: github.com/aws/aws-sdk-go
  version: 695fe24acaf9afe80b0ce261d4637f42ba0b4c7d
  subpackages:
  - aws
  - aws/awserr
  - aws/awsutil
  - aws/client
  - aws/client/metadata
  - aws/corehandlers
  - aws/credentials
  - aws/credentials/ec2rolecreds
  - aws/credentials/endpointcreds
  - aws/credentials/stscreds
  - aws/defaults
  - aws/ec2metadata
  - aws/endpoints
  - aws/request
  - aws/session
  - aws/signer/v4
  - private/protocol
  - private/protocol/query
  - private/protocol/query/queryutil
  - private/protocol/rest
  - private/protocol/restxml
  - private/protocol/xml/xmlutil
  - private/waiter
  - service/s3
  - service/s3/s3iface
  - service/s3/s3manager
  - service/sqs
  - service/sts
- name: github.com/briandowns/spinner
  version: ec599f41a86d9a71c359e224bd71a2df3e909a3d
- name: github.com/cheggaaa/pb
  version: bd1f886442f85613c68401483d34fc7ed9d70ca7
- name: github.com/davecgh/go-spew
  version: 346938d642f2ec3594ed81d874461961cd0faa76
  subpackages:
  - spew
- name: github.com/docker/docker
  version: 91cffdbedb89e6164fe2ceca3d68ec039c1acc34
  subpackages:
  - pkg/archive
  - pkg/fileutils
  - pkg/idtools
  - pkg/ioutils
  - pkg/longpath
  - pkg/pools
  - pkg/promise
  - pkg/system
- name: github.com/docker/go-units
  version: 0dadbb0345b35ec7ef35e228dabb8de89a65bf52
- name: github.com/dustin/go-humanize
  version: 259d2a102b871d17f30e3cd9881a642961a1e486
- name: github.com/facebookgo/stack
  version: 751773369052141c013c6e827a71e8f35c07879c
- name: github.com/fatih/color
  version: 9131ab34cf20d2f6d83fdc67168a5430d1c7dc23
- name: github.com/fatih/structs
  version: a720dfa8df582c51dee1b36feabb906bde1588bd
- name: github.com/fsnotify/fsnotify
  version: 7d7316ed6e1ed2de075aab8dfc76de5d158d66e1
- name: github.com/GeertJohan/go-sourcepath
  version: 83e8b8723a9bf39481216e80575f4854c63ece4a
- name: github.com/go-ini/ini
  version: 1730955e3146956d6a087861380f9b4667ed5071
- name: github.com/hashicorp/hcl
  version: 630949a3c5fa3c613328e1b8256052cbc2327c9b
  subpackages:
  - hcl/ast
  - hcl/parser
  - hcl/scanner
  - hcl/strconv
  - hcl/token
  - json/parser
  - json/scanner
  - json/token
- name: github.com/jmespath/go-jmespath
  version: bd40a432e4c76585ef6b72d3fd96fb9b6dc7b68d
- name: github.com/k0kubun/pp
  version: 027a6d1765d673d337e687394dbe780dd64e2a1e
- name: github.com/magiconair/properties
  version: b3b15ef068fd0b17ddf408a23669f20811d194d2
- name: github.com/mattn/go-colorable
  version: d228849504861217f796da67fae4f6e347643f15
- name: github.com/mattn/go-isatty
  version: 57fdcb988a5c543893cc61bce354a6e24ab70022
  repo: https://github.com/mattn/go-isatty
- name: github.com/mattn/go-runewidth
  version: 14207d285c6c197daabb5c9793d63e7af9ab2d50
- name: github.com/Microsoft/go-winio
  version: fff283ad5116362ca252298cfc9b95828956d85d
- name: github.com/mitchellh/go-homedir
  version: b8bc1bf767474819792c23f32d8286a45736f1c6
- name: github.com/mitchellh/mapstructure
  version: 482a9fd5fa83e8c4e7817413b80f3eb8feec03ef
- name: github.com/opencontainers/runc
  version: 31980a53ae7887b2c8f8715d13c3eb486c27b6cf
  subpackages:
  - libcontainer/system
  - libcontainer/user
- name: github.com/pelletier/go-buffruneio
  version: c37440a7cf42ac63b919c752ca73a85067e05992
- name: github.com/pelletier/go-toml
  version: 13d49d4606eb801b8f01ae542b4afc4c6ee3d84a
- name: github.com/pkg/errors
  version: 645ef00459ed84a119197bfb8d8205042c6df63d
- name: github.com/rai-project/archive
  version: 8cf992f2b9dcaef4385924d293ed2ff836eddafe
- name: github.com/rai-project/auth
  version: 2afc251412986ba034b793057af6a004f2ef2b78
  subpackages:
  - auth0
  - auth0/api
  - provider
  - secret
- name: github.com/rai-project/aws
  version: de43bf3b5e18e4c9a64ca46eb14aeba2b6c2b588
- name: github.com/rai-project/broker
  version: 8c56133971459b2d7aa0d19729604e15aacefecc
  subpackages:
  - sqs
- name: github.com/rai-project/config
  version: 441c961e45feb6c039a69d57b5f58085c8a64cb6
- name: github.com/rai-project/context
  version: b37112bda1bf9dbf07abc8f15242744967781198
- name: github.com/rai-project/godotenv
  version: 726cc8b906e3d31c70a9671c90a13716a8d3f50d
- name: github.com/rai-project/logger
  version: 03818fe07fa7d04ed67bb0a30bba6fa771c216a6
- name: github.com/rai-project/model
  version: bfc9f4a9a29db34d486ee7562faff4dc8503bb01
- name: github.com/rai-project/pubsub
  version: ddae0a02559983a73a0fc2018c7b65acb0a400f7
  subpackages:
  - redis
- name: github.com/rai-project/ratelimit
  version: acaf703705d570db886ab517e26a3577a19d3f0d
- name: github.com/rai-project/serializer
  version: 54a81cfe38e1723471cad8a8d77c403d0788fe89
  subpackages:
  - bson
  - json
- name: github.com/rai-project/store
  version: eef5ac2d3ac9940a61cc316ed0ab289af8cc0352
  subpackages:
  - s3
- name: github.com/rai-project/user
  version: e63cef261482b7f291f8e09d8dc992b1c83a7789
- name: github.com/rai-project/utils
  version: e362b97aa31fd6710ce880a5eb0712dd921ced95
- name: github.com/rai-project/uuid
  version: 4d41c782b09891c5a945c93b4c80d0b92e13d1fe
- name: github.com/rai-project/vipertags
  version: 9c71f81fd78302f0665e1d180c506d26a19f226a
- name: github.com/satori/go.uuid
  version: 879c5887cd475cd7864858769793b2ceb0d44feb
- name: github.com/Sirupsen/logrus
  version: ba1b36c82c5e05c4f912a88eab0dcd91a171688f
  subpackages:
  - hooks/syslog
- name: github.com/spf13/afero
  version: 9be650865eab0c12963d8753212f4f9c66cdcf12
  subpackages:
  - mem
- name: github.com/spf13/cast
  version: ce135a4ebeee6cfe9a26c93ee0d37825f26113c7
- name: github.com/spf13/jwalterweatherman
  version: fa7ca7e836cf3a8bb4ebf799f472c12d7e903d66
- name: github.com/spf13/pflag
  version: 5644820622454e71517561946e3d94b9f9db6842
- name: github.com/spf13/viper
  version: 7538d73b4eb9511d85a9f1dfef202eeb8ac260f4
- name: github.com/Unknwon/com
  version: 28b053d5a2923b87ce8c5a08f3af779894a72758
- name: golang.org/x/crypto
  version: c10c31b5e94b6f7a0283272dc2bb27163dcea24b
  subpackages:
  - bcrypt
  - blowfish
  - pbkdf2
  - scrypt
- name: golang.org/x/net
  version: 4876518f9e71663000c348837735820161a42df7
  subpackages:
  - context
- name: golang.org/x/sys
  version: e24f485414aeafb646f6fca458b0bf869c0880a1
  subpackages:
  - unix
  - windows
- name: golang.org/x/text
  version: f28f36722d5ef2f9655ad3de1f248e3e52ad5ebd
  subpackages:
  - transform
  - unicode/norm
- name: gopkg.in/hlandau/easymetric.v1
  version: 1c173222e345c2ba115e0f483821c6da2d3b0fa9
  subpackages:
  - cexp
- name: gopkg.in/hlandau/measurable.v1
  version: d96a009bd9bda94dd1294105e67e8c1794e533d3
- name: gopkg.in/hlandau/passlib.v1
  version: 933f1c3f63ffb0d17de04c3174f875ae683a33cd
  subpackages:
  - abstract
  - hash/bcrypt
  - hash/bcryptsha256
  - hash/scrypt
  - hash/scrypt/raw
  - hash/sha2crypt
  - hash/sha2crypt/raw
- name: gopkg.in/mgo.v2
  version: 3f83fa5005286a7fe593b055f0d7771a7dce4655
  subpackages:
  - bson
  - internal/json
- name: gopkg.in/redis.v5
  version: a16aeec10ff407b1e7be6dd35797ccf5426ef0f0
  subpackages:
  - internal
  - internal/consistenthash
  - internal/hashtag
  - internal/pool
  - internal/proto
- name: gopkg.in/yaml.v2
  version: bef53efd0c76e49e6de55ead051f886bea7e9420
testImports:
- name: github.com/pmezard/go-difflib
  version: d8ed2627bdf02c080bf22230dbb337003b7aba2d
  subpackages:
  - difflib
- name: github.com/stretchr/testify
  version: 69483b4bd14f5845b5a1e55bca19e954e827f1d0
  subpackages:
  - assert
